
Microsoft Visual Studio Solution File, Format Version 12.00
# Visual Studio 15
VisualStudioVersion = 15.0.26124.0
MinimumVisualStudioVersion = 15.0.26124.0
Project("{2150E333-8FDC-42A3-9474-1A3956D46DE8}") = "src", "src", "{AEBA32B4-900D-4EC7-87D2-041A68A5A76D}"
EndProject
Project("{FAE04EC0-301F-11D3-BF4B-00C04F79EFBC}") = "FakeItEasy.AutoFake", "src\FakeItEasy.AutoFake\FakeItEasy.AutoFake.csproj", "{3E683583-883A-4C40-BC5E-864E84EF20E5}"
EndProject
Project("{2150E333-8FDC-42A3-9474-1A3956D46DE8}") = "test", "test", "{56B8499A-37B4-48B4-8893-8C1485110E35}"
EndProject
Project("{FAE04EC0-301F-11D3-BF4B-00C04F79EFBC}") = "FakeItEasy.AutoFake.Tests", "test\FakeItEasy.AutoFake.Tests\FakeItEasy.AutoFake.Tests.csproj", "{5DA8E57A-99D0-47CA-85A2-080307D623B9}"
EndProject
Global
	GlobalSection(SolutionConfigurationPlatforms) = preSolution
		Debug|Any CPU = Debug|Any CPU
		Debug|x64 = Debug|x64
		Debug|x86 = Debug|x86
		Release|Any CPU = Release|Any CPU
		Release|x64 = Release|x64
		Release|x86 = Release|x86
	EndGlobalSection
	GlobalSection(SolutionProperties) = preSolution
		HideSolutionNode = FALSE
	EndGlobalSection
	GlobalSection(ProjectConfigurationPlatforms) = postSolution
		{3E683583-883A-4C40-BC5E-864E84EF20E5}.Debug|Any CPU.ActiveCfg = Debug|Any CPU
		{3E683583-883A-4C40-BC5E-864E84EF20E5}.Debug|Any CPU.Build.0 = Debug|Any CPU
		{3E683583-883A-4C40-BC5E-864E84EF20E5}.Debug|x64.ActiveCfg = Debug|Any CPU
		{3E683583-883A-4C40-BC5E-864E84EF20E5}.Debug|x64.Build.0 = Debug|Any CPU
		{3E683583-883A-4C40-BC5E-864E84EF20E5}.Debug|x86.ActiveCfg = Debug|Any CPU
		{3E683583-883A-4C40-BC5E-864E84EF20E5}.Debug|x86.Build.0 = Debug|Any CPU
		{3E683583-883A-4C40-BC5E-864E84EF20E5}.Release|Any CPU.ActiveCfg = Release|Any CPU
		{3E683583-883A-4C40-BC5E-864E84EF20E5}.Release|Any CPU.Build.0 = Release|Any CPU
		{3E683583-883A-4C40-BC5E-864E84EF20E5}.Release|x64.ActiveCfg = Release|Any CPU
		{3E683583-883A-4C40-BC5E-864E84EF20E5}.Release|x64.Build.0 = Release|Any CPU
		{3E683583-883A-4C40-BC5E-864E84EF20E5}.Release|x86.ActiveCfg = Release|Any CPU
		{3E683583-883A-4C40-BC5E-864E84EF20E5}.Release|x86.Build.0 = Release|Any CPU
		{5DA8E57A-99D0-47CA-85A2-080307D623B9}.Debug|Any CPU.ActiveCfg = Debug|Any CPU
		{5DA8E57A-99D0-47CA-85A2-080307D623B9}.Debug|Any CPU.Build.0 = Debug|Any CPU
		{5DA8E57A-99D0-47CA-85A2-080307D623B9}.Debug|x64.ActiveCfg = Debug|Any CPU
		{5DA8E57A-99D0-47CA-85A2-080307D623B9}.Debug|x64.Build.0 = Debug|Any CPU
		{5DA8E57A-99D0-47CA-85A2-080307D623B9}.Debug|x86.ActiveCfg = Debug|Any CPU
		{5DA8E57A-99D0-47CA-85A2-080307D623B9}.Debug|x86.Build.0 = Debug|Any CPU
		{5DA8E57A-99D0-47CA-85A2-080307D623B9}.Release|Any CPU.ActiveCfg = Release|Any CPU
		{5DA8E57A-99D0-47CA-85A2-080307D623B9}.Release|Any CPU.Build.0 = Release|Any CPU
		{5DA8E57A-99D0-47CA-85A2-080307D623B9}.Release|x64.ActiveCfg = Release|Any CPU
		{5DA8E57A-99D0-47CA-85A2-080307D623B9}.Release|x64.Build.0 = Release|Any CPU
		{5DA8E57A-99D0-47CA-85A2-080307D623B9}.Release|x86.ActiveCfg = Release|Any CPU
		{5DA8E57A-99D0-47CA-85A2-080307D623B9}.Release|x86.Build.0 = Release|Any CPU
	EndGlobalSection
	GlobalSection(NestedProjects) = preSolution
		{3E683583-883A-4C40-BC5E-864E84EF20E5} = {AEBA32B4-900D-4EC7-87D2-041A68A5A76D}
		{5DA8E57A-99D0-47CA-85A2-080307D623B9} = {56B8499A-37B4-48B4-8893-8C1485110E35}
	EndGlobalSection
EndGlobal
